
Microsoft Visual Studio Solution File, Format Version 12.00
# Visual Studio Version 17
VisualStudioVersion = 17.3.32901.215
MinimumVisualStudioVersion = 10.0.40219.1
Project("{FAE04EC0-301F-11D3-BF4B-00C04F79EFBC}") = "HitmanRoulette", "HitmanRoulette\HitmanRoulette.csproj", "{6F039763-9CBA-48EF-A9F3-7B99E8996D52}"
EndProject
Global
	GlobalSection(SolutionConfigurationPlatforms) = preSolution
		Debug|Any CPU = Debug|Any CPU
		Release|Any CPU = Release|Any CPU
	EndGlobalSection
	GlobalSection(ProjectConfigurationPlatforms) = postSolution
		{6F039763-9CBA-48EF-A9F3-7B99E8996D52}.Debug|Any CPU.ActiveCfg = Debug|Any CPU
		{6F039763-9CBA-48EF-A9F3-7B99E8996D52}.Debug|Any CPU.Build.0 = Debug|Any CPU
		{6F039763-9CBA-48EF-A9F3-7B99E8996D52}.Release|Any CPU.ActiveCfg = Release|Any CPU
		{6F039763-9CBA-48EF-A9F3-7B99E8996D52}.Release|Any CPU.Build.0 = Release|Any CPU
	EndGlobalSection
	GlobalSection(SolutionProperties) = preSolution
		HideSolutionNode = FALSE
	EndGlobalSection
	GlobalSection(ExtensibilityGlobals) = postSolution
		SolutionGuid = {F9600564-F5C5-4C23-89AC-BC98FB5AAF5B}
	EndGlobalSection
EndGlobal
